
Microsoft Visual Studio Solution File, Format Version 12.00
# Visual Studio Version 17
VisualStudioVersion = 17.13.35931.197 d17.13
MinimumVisualStudioVersion = 10.0.40219.1
Project("{FAE04EC0-301F-11D3-BF4B-00C04F79EFBC}") = "GraphicAlgorithms", "GraphicAlgorithms\GraphicAlgorithms.csproj", "{EE4CB14E-5E98-4AE2-BB96-88D1D32F5F7A}"
EndProject
Global
	GlobalSection(SolutionConfigurationPlatforms) = preSolution
		Debug|Any CPU = Debug|Any CPU
		Release|Any CPU = Release|Any CPU
	EndGlobalSection
	GlobalSection(ProjectConfigurationPlatforms) = postSolution
		{EE4CB14E-5E98-4AE2-BB96-88D1D32F5F7A}.Debug|Any CPU.ActiveCfg = Debug|Any CPU
		{EE4CB14E-5E98-4AE2-BB96-88D1D32F5F7A}.Debug|Any CPU.Build.0 = Debug|Any CPU
		{EE4CB14E-5E98-4AE2-BB96-88D1D32F5F7A}.Release|Any CPU.ActiveCfg = Release|Any CPU
		{EE4CB14E-5E98-4AE2-BB96-88D1D32F5F7A}.Release|Any CPU.Build.0 = Release|Any CPU
	EndGlobalSection
	GlobalSection(SolutionProperties) = preSolution
		HideSolutionNode = FALSE
	EndGlobalSection
	GlobalSection(ExtensibilityGlobals) = postSolution
		SolutionGuid = {AF7AA3C3-6F8D-4CC2-A456-8457A645F1CD}
	EndGlobalSection
EndGlobal
